
Microsoft Visual Studio Solution File, Format Version 12.00
# Visual Studio Version 17
VisualStudioVersion = 17.0.31903.59
MinimumVisualStudioVersion = 10.0.40219.1
Project("{9A19103F-16F7-4668-BE54-9A1E7A4F7556}") = "ProjectMeshes", "ProjectMeshes\ProjectMeshes.csproj", "{D38DFEF6-2924-4F7D-BBED-89348130911E}"
EndProject
Global
	GlobalSection(SolutionConfigurationPlatforms) = preSolution
		Debug|Any CPU = Debug|Any CPU
		Release|Any CPU = Release|Any CPU
	EndGlobalSection
	GlobalSection(ProjectConfigurationPlatforms) = postSolution
		{D38DFEF6-2924-4F7D-BBED-89348130911E}.Debug|Any CPU.ActiveCfg = Debug|Any CPU
		{D38DFEF6-2924-4F7D-BBED-89348130911E}.Debug|Any CPU.Build.0 = Debug|Any CPU
		{D38DFEF6-2924-4F7D-BBED-89348130911E}.Release|Any CPU.ActiveCfg = Release|Any CPU
		{D38DFEF6-2924-4F7D-BBED-89348130911E}.Release|Any CPU.Build.0 = Release|Any CPU
	EndGlobalSection
	GlobalSection(SolutionProperties) = preSolution
		HideSolutionNode = FALSE
	EndGlobalSection
	GlobalSection(ExtensibilityGlobals) = postSolution
		SolutionGuid = {B4D9D642-3F98-4187-B84C-D0699AD21D13}
	EndGlobalSection
EndGlobal
